// !$*UTF8*$!
{
	archiveVersion = 1;
	classes = {
	};
	objectVersion = 46;
	objects = {

/* Begin PBXBuildFile section */
		311C60AF1A00E52300FB5286 /* main.m in Sources */ = {isa = PBXBuildFile; fileRef = 311C60AE1A00E52300FB5286 /* main.m */; };
		311C60B21A00E52300FB5286 /* AppDelegate.m in Sources */ = {isa = PBXBuildFile; fileRef = 311C60B11A00E52300FB5286 /* AppDelegate.m */; };
		311C60B51A00E52300FB5286 /* AppVadorSample.xcdatamodeld in Sources */ = {isa = PBXBuildFile; fileRef = 311C60B31A00E52300FB5286 /* AppVadorSample.xcdatamodeld */; };
		311C60B81A00E52300FB5286 /* ViewController.m in Sources */ = {isa = PBXBuildFile; fileRef = 311C60B71A00E52300FB5286 /* ViewController.m */; };
		311C60BB1A00E52300FB5286 /* Main.storyboard in Resources */ = {isa = PBXBuildFile; fileRef = 311C60B91A00E52300FB5286 /* Main.storyboard */; };
		311C60BD1A00E52300FB5286 /* Images.xcassets in Resources */ = {isa = PBXBuildFile; fileRef = 311C60BC1A00E52300FB5286 /* Images.xcassets */; };
		311C60C01A00E52300FB5286 /* LaunchScreen.xib in Resources */ = {isa = PBXBuildFile; fileRef = 311C60BE1A00E52300FB5286 /* LaunchScreen.xib */; };
		311C60CC1A00E52300FB5286 /* AppVadorSampleTests.m in Sources */ = {isa = PBXBuildFile; fileRef = 311C60CB1A00E52300FB5286 /* AppVadorSampleTests.m */; };
		311C60D91A00EE3C00FB5286 /* CoreTelephony.framework in Frameworks */ = {isa = PBXBuildFile; fileRef = 311C60D81A00EE3C00FB5286 /* CoreTelephony.framework */; };
		311C60DB1A00EE4400FB5286 /* AdSupport.framework in Frameworks */ = {isa = PBXBuildFile; fileRef = 311C60DA1A00EE4400FB5286 /* AdSupport.framework */; };
		311C60DD1A00EE4F00FB5286 /* AVFoundation.framework in Frameworks */ = {isa = PBXBuildFile; fileRef = 311C60DC1A00EE4F00FB5286 /* AVFoundation.framework */; };
		311C60DF1A00EE5E00FB5286 /* CoreMedia.framework in Frameworks */ = {isa = PBXBuildFile; fileRef = 311C60DE1A00EE5E00FB5286 /* CoreMedia.framework */; };
		311C60E11A00EEEF00FB5286 /* README.md in Sources */ = {isa = PBXBuildFile; fileRef = 311C60E01A00EEEF00FB5286 /* README.md */; };
		311C60FB1A07469200FB5286 /* AppVadorNative.framework in Frameworks */ = {isa = PBXBuildFile; fileRef = 311C60D61A00EE2F00FB5286 /* AppVadorNative.framework */; };
/* End PBXBuildFile section */

/* Begin PBXContainerItemProxy section */
		311C60C61A00E52300FB5286 /* PBXContainerItemProxy */ = {
			isa = PBXContainerItemProxy;
			containerPortal = 311C60A11A00E52300FB5286 /* Project object */;
			proxyType = 1;
			remoteGlobalIDString = 311C60A81A00E52300FB5286;
			remoteInfo = AppVadorSample;
		};
/* End PBXContainerItemProxy section */

/* Begin PBXFileReference section */
		311C60A91A00E52300FB5286 /* AppVadorSample.app */ = {isa = PBXFileReference; explicitFileType = wrapper.application; includeInIndex = 0; path = AppVadorSample.app; sourceTree = BUILT_PRODUCTS_DIR; };
		311C60AD1A00E52300FB5286 /* Info.plist */ = {isa = PBXFileReference; lastKnownFileType = text.plist.xml; path = Info.plist; sourceTree = "<group>"; };
		311C60AE1A00E52300FB5286 /* main.m */ = {isa = PBXFileReference; lastKnownFileType = sourcecode.c.objc; path = main.m; sourceTree = "<group>"; };
		311C60B01A00E52300FB5286 /* AppDelegate.h */ = {isa = PBXFileReference; lastKnownFileType = sourcecode.c.h; path = AppDelegate.h; sourceTree = "<group>"; };
		311C60B11A00E52300FB5286 /* AppDelegate.m */ = {isa = PBXFileReference; lastKnownFileType = sourcecode.c.objc; path = AppDelegate.m; sourceTree = "<group>"; };
		311C60B41A00E52300FB5286 /* AppVadorSample.xcdatamodel */ = {isa = PBXFileReference; lastKnownFileType = wrapper.xcdatamodel; path = AppVadorSample.xcdatamodel; sourceTree = "<group>"; };
		311C60B61A00E52300FB5286 /* ViewController.h */ = {isa = PBXFileReference; lastKnownFileType = sourcecode.c.h; path = ViewController.h; sourceTree = "<group>"; };
		311C60B71A00E52300FB5286 /* ViewController.m */ = {isa = PBXFileReference; lastKnownFileType = sourcecode.c.objc; path = ViewController.m; sourceTree = "<group>"; };
		311C60BA1A00E52300FB5286 /* Base */ = {isa = PBXFileReference; lastKnownFileType = file.storyboard; name = Base; path = Base.lproj/Main.storyboard; sourceTree = "<group>"; };
		311C60BC1A00E52300FB5286 /* Images.xcassets */ = {isa = PBXFileReference; lastKnownFileType = folder.assetcatalog; path = Images.xcassets; sourceTree = "<group>"; };
		311C60BF1A00E52300FB5286 /* Base */ = {isa = PBXFileReference; lastKnownFileType = file.xib; name = Base; path = Base.lproj/LaunchScreen.xib; sourceTree = "<group>"; };
		311C60C51A00E52300FB5286 /* AppVadorSampleTests.xctest */ = {isa = PBXFileReference; explicitFileType = wrapper.cfbundle; includeInIndex = 0; path = AppVadorSampleTests.xctest; sourceTree = BUILT_PRODUCTS_DIR; };
		311C60CA1A00E52300FB5286 /* Info.plist */ = {isa = PBXFileReference; lastKnownFileType = text.plist.xml; path = Info.plist; sourceTree = "<group>"; };
		311C60CB1A00E52300FB5286 /* AppVadorSampleTests.m */ = {isa = PBXFileReference; lastKnownFileType = sourcecode.c.objc; path = AppVadorSampleTests.m; sourceTree = "<group>"; };
		311C60D61A00EE2F00FB5286 /* AppVadorNative.framework */ = {isa = PBXFileReference; lastKnownFileType = wrapper.framework; path = AppVadorNative.framework; sourceTree = "<group>"; };
		311C60D81A00EE3C00FB5286 /* CoreTelephony.framework */ = {isa = PBXFileReference; lastKnownFileType = wrapper.framework; name = CoreTelephony.framework; path = System/Library/Frameworks/CoreTelephony.framework; sourceTree = SDKROOT; };
		311C60DA1A00EE4400FB5286 /* AdSupport.framework */ = {isa = PBXFileReference; lastKnownFileType = wrapper.framework; name = AdSupport.framework; path = System/Library/Frameworks/AdSupport.framework; sourceTree = SDKROOT; };
		311C60DC1A00EE4F00FB5286 /* AVFoundation.framework */ = {isa = PBXFileReference; lastKnownFileType = wrapper.framework; name = AVFoundation.framework; path = System/Library/Frameworks/AVFoundation.framework; sourceTree = SDKROOT; };
		311C60DE1A00EE5E00FB5286 /* CoreMedia.framework */ = {isa = PBXFileReference; lastKnownFileType = wrapper.framework; name = CoreMedia.framework; path = System/Library/Frameworks/CoreMedia.framework; sourceTree = SDKROOT; };
		311C60E01A00EEEF00FB5286 /* README.md */ = {isa = PBXFileReference; fileEncoding = 4; lastKnownFileType = net.daringfireball.markdown; path = README.md; sourceTree = "<group>"; };
/* End PBXFileReference section */

/* Begin PBXFrameworksBuildPhase section */
		311C60A61A00E52300FB5286 /* Frameworks */ = {
			isa = PBXFrameworksBuildPhase;
			buildActionMask = 2147483647;
			files = (
				311C60FB1A07469200FB5286 /* AppVadorNative.framework in Frameworks */,
				311C60DF1A00EE5E00FB5286 /* CoreMedia.framework in Frameworks */,
				311C60DD1A00EE4F00FB5286 /* AVFoundation.framework in Frameworks */,
				311C60DB1A00EE4400FB5286 /* AdSupport.framework in Frameworks */,
				311C60D91A00EE3C00FB5286 /* CoreTelephony.framework in Frameworks */,
			);
			runOnlyForDeploymentPostprocessing = 0;
		};
		311C60C21A00E52300FB5286 /* Frameworks */ = {
			isa = PBXFrameworksBuildPhase;
			buildActionMask = 2147483647;
			files = (
			);
			runOnlyForDeploymentPostprocessing = 0;
		};
/* End PBXFrameworksBuildPhase section */

/* Begin PBXGroup section */
		311C60A01A00E52300FB5286 = {
			isa = PBXGroup;
			children = (
				311C60E01A00EEEF00FB5286 /* README.md */,
				311C60DE1A00EE5E00FB5286 /* CoreMedia.framework */,
				311C60DC1A00EE4F00FB5286 /* AVFoundation.framework */,
				311C60DA1A00EE4400FB5286 /* AdSupport.framework */,
				311C60D81A00EE3C00FB5286 /* CoreTelephony.framework */,
				311C60D61A00EE2F00FB5286 /* AppVadorNative.framework */,
				311C60AB1A00E52300FB5286 /* AppVadorSample */,
				311C60C81A00E52300FB5286 /* AppVadorSampleTests */,
				311C60AA1A00E52300FB5286 /* Products */,
			);
			sourceTree = "<group>";
		};
		311C60AA1A00E52300FB5286 /* Products */ = {
			isa = PBXGroup;
			children = (
				311C60A91A00E52300FB5286 /* AppVadorSample.app */,
				311C60C51A00E52300FB5286 /* AppVadorSampleTests.xctest */,
			);
			name = Products;
			sourceTree = "<group>";
		};
		311C60AB1A00E52300FB5286 /* AppVadorSample */ = {
			isa = PBXGroup;
			children = (
				311C60B01A00E52300FB5286 /* AppDelegate.h */,
				311C60B11A00E52300FB5286 /* AppDelegate.m */,
				311C60B61A00E52300FB5286 /* ViewController.h */,
				311C60B71A00E52300FB5286 /* ViewController.m */,
				311C60B91A00E52300FB5286 /* Main.storyboard */,
				311C60BC1A00E52300FB5286 /* Images.xcassets */,
				311C60BE1A00E52300FB5286 /* LaunchScreen.xib */,
				311C60B31A00E52300FB5286 /* AppVadorSample.xcdatamodeld */,
				311C60AC1A00E52300FB5286 /* Supporting Files */,
			);
			path = AppVadorSample;
			sourceTree = "<group>";
		};
		311C60AC1A00E52300FB5286 /* Supporting Files */ = {
			isa = PBXGroup;
			children = (
				311C60AD1A00E52300FB5286 /* Info.plist */,
				311C60AE1A00E52300FB5286 /* main.m */,
			);
			name = "Supporting Files";
			sourceTree = "<group>";
		};
		311C60C81A00E52300FB5286 /* AppVadorSampleTests */ = {
			isa = PBXGroup;
			children = (
				311C60CB1A00E52300FB5286 /* AppVadorSampleTests.m */,
				311C60C91A00E52300FB5286 /* Supporting Files */,
			);
			path = AppVadorSampleTests;
			sourceTree = "<group>";
		};
		311C60C91A00E52300FB5286 /* Supporting Files */ = {
			isa = PBXGroup;
			children = (
				311C60CA1A00E52300FB5286 /* Info.plist */,
			);
			name = "Supporting Files";
			sourceTree = "<group>";
		};
/* End PBXGroup section */

/* Begin PBXNativeTarget section */
		311C60A81A00E52300FB5286 /* AppVadorSample */ = {
			isa = PBXNativeTarget;
			buildConfigurationList = 311C60CF1A00E52300FB5286 /* Build configuration list for PBXNativeTarget "AppVadorSample" */;
			buildPhases = (
				311C60A51A00E52300FB5286 /* Sources */,
				311C60A61A00E52300FB5286 /* Frameworks */,
				311C60A71A00E52300FB5286 /* Resources */,
			);
			buildRules = (
			);
			dependencies = (
			);
			name = AppVadorSample;
			productName = AppVadorSample;
			productReference = 311C60A91A00E52300FB5286 /* AppVadorSample.app */;
			productType = "com.apple.product-type.application";
		};
		311C60C41A00E52300FB5286 /* AppVadorSampleTests */ = {
			isa = PBXNativeTarget;
			buildConfigurationList = 311C60D21A00E52300FB5286 /* Build configuration list for PBXNativeTarget "AppVadorSampleTests" */;
			buildPhases = (
				311C60C11A00E52300FB5286 /* Sources */,
				311C60C21A00E52300FB5286 /* Frameworks */,
				311C60C31A00E52300FB5286 /* Resources */,
			);
			buildRules = (
			);
			dependencies = (
				311C60C71A00E52300FB5286 /* PBXTargetDependency */,
			);
			name = AppVadorSampleTests;
			productName = AppVadorSampleTests;
			productReference = 311C60C51A00E52300FB5286 /* AppVadorSampleTests.xctest */;
			productType = "com.apple.product-type.bundle.unit-test";
		};
/* End PBXNativeTarget section */

/* Begin PBXProject section */
		311C60A11A00E52300FB5286 /* Project object */ = {
			isa = PBXProject;
			attributes = {
				LastUpgradeCheck = 0610;
				ORGANIZATIONNAME = "AppVador Inc.";
				TargetAttributes = {
					311C60A81A00E52300FB5286 = {
						CreatedOnToolsVersion = 6.1;
					};
					311C60C41A00E52300FB5286 = {
						CreatedOnToolsVersion = 6.1;
						TestTargetID = 311C60A81A00E52300FB5286;
					};
				};
			};
			buildConfigurationList = 311C60A41A00E52300FB5286 /* Build configuration list for PBXProject "AppVadorSample" */;
			compatibilityVersion = "Xcode 3.2";
			developmentRegion = English;
			hasScannedForEncodings = 0;
			knownRegions = (
				en,
				Base,
			);
			mainGroup = 311C60A01A00E52300FB5286;
			productRefGroup = 311C60AA1A00E52300FB5286 /* Products */;
			projectDirPath = "";
			projectRoot = "";
			targets = (
				311C60A81A00E52300FB5286 /* AppVadorSample */,
				311C60C41A00E52300FB5286 /* AppVadorSampleTests */,
			);
		};
/* End PBXProject section */

/* Begin PBXResourcesBuildPhase section */
		311C60A71A00E52300FB5286 /* Resources */ = {
			isa = PBXResourcesBuildPhase;
			buildActionMask = 2147483647;
			files = (
				311C60BB1A00E52300FB5286 /* Main.storyboard in Resources */,
				311C60C01A00E52300FB5286 /* LaunchScreen.xib in Resources */,
				311C60BD1A00E52300FB5286 /* Images.xcassets in Resources */,
			);
			runOnlyForDeploymentPostprocessing = 0;
		};
		311C60C31A00E52300FB5286 /* Resources */ = {
			isa = PBXResourcesBuildPhase;
			buildActionMask = 2147483647;
			files = (
			);
			runOnlyForDeploymentPostprocessing = 0;
		};
/* End PBXResourcesBuildPhase section */

/* Begin PBXSourcesBuildPhase section */
		311C60A51A00E52300FB5286 /* Sources */ = {
			isa = PBXSourcesBuildPhase;
			buildActionMask = 2147483647;
			files = (
				311C60B21A00E52300FB5286 /* AppDelegate.m in Sources */,
				311C60B51A00E52300FB5286 /* AppVadorSample.xcdatamodeld in Sources */,
				311C60E11A00EEEF00FB5286 /* README.md in Sources */,
				311C60B81A00E52300FB5286 /* ViewController.m in Sources */,
				311C60AF1A00E52300FB5286 /* main.m in Sources */,
			);
			runOnlyForDeploymentPostprocessing = 0;
		};
		311C60C11A00E52300FB5286 /* Sources */ = {
			isa = PBXSourcesBuildPhase;
			buildActionMask = 2147483647;
			files = (
				311C60CC1A00E52300FB5286 /* AppVadorSampleTests.m in Sources */,
			);
			runOnlyForDeploymentPostprocessing = 0;
		};
/* End PBXSourcesBuildPhase section */

/* Begin PBXTargetDependency section */
		311C60C71A00E52300FB5286 /* PBXTargetDependency */ = {
			isa = PBXTargetDependency;
			target = 311C60A81A00E52300FB5286 /* AppVadorSample */;
			targetProxy = 311C60C61A00E52300FB5286 /* PBXContainerItemProxy */;
		};
/* End PBXTargetDependency section */

/* Begin PBXVariantGroup section */
		311C60B91A00E52300FB5286 /* Main.storyboard */ = {
			isa = PBXVariantGroup;
			children = (
				311C60BA1A00E52300FB5286 /* Base */,
			);
			name = Main.storyboard;
			sourceTree = "<group>";
		};
		311C60BE1A00E52300FB5286 /* LaunchScreen.xib */ = {
			isa = PBXVariantGroup;
			children = (
				311C60BF1A00E52300FB5286 /* Base */,
			);
			name = LaunchScreen.xib;
			sourceTree = "<group>";
		};
/* End PBXVariantGroup section */

/* Begin XCBuildConfiguration section */
		311C60CD1A00E52300FB5286 /* Debug */ = {
			isa = XCBuildConfiguration;
			buildSettings = {
				ALWAYS_SEARCH_USER_PATHS = NO;
				CLANG_CXX_LANGUAGE_STANDARD = "gnu++0x";
				CLANG_CXX_LIBRARY = "libc++";
				CLANG_ENABLE_MODULES = YES;
				CLANG_ENABLE_OBJC_ARC = YES;
				CLANG_WARN_BOOL_CONVERSION = YES;
				CLANG_WARN_CONSTANT_CONVERSION = YES;
				CLANG_WARN_DIRECT_OBJC_ISA_USAGE = YES_ERROR;
				CLANG_WARN_EMPTY_BODY = YES;
				CLANG_WARN_ENUM_CONVERSION = YES;
				CLANG_WARN_INT_CONVERSION = YES;
				CLANG_WARN_OBJC_ROOT_CLASS = YES_ERROR;
				CLANG_WARN_UNREACHABLE_CODE = YES;
				CLANG_WARN__DUPLICATE_METHOD_MATCH = YES;
				"CODE_SIGN_IDENTITY[sdk=iphoneos*]" = "iPhone Developer";
				COPY_PHASE_STRIP = NO;
				ENABLE_STRICT_OBJC_MSGSEND = YES;
				GCC_C_LANGUAGE_STANDARD = gnu99;
				GCC_DYNAMIC_NO_PIC = NO;
				GCC_OPTIMIZATION_LEVEL = 0;
				GCC_PREPROCESSOR_DEFINITIONS = (
					"DEBUG=1",
					"$(inherited)",
				);
				GCC_SYMBOLS_PRIVATE_EXTERN = NO;
				GCC_WARN_64_TO_32_BIT_CONVERSION = YES;
				GCC_WARN_ABOUT_RETURN_TYPE = YES_ERROR;
				GCC_WARN_UNDECLARED_SELECTOR = YES;
				GCC_WARN_UNINITIALIZED_AUTOS = YES_AGGRESSIVE;
				GCC_WARN_UNUSED_FUNCTION = YES;
				GCC_WARN_UNUSED_VARIABLE = YES;
				IPHONEOS_DEPLOYMENT_TARGET = 8.1;
				MTL_ENABLE_DEBUG_INFO = YES;
				ONLY_ACTIVE_ARCH = YES;
				SDKROOT = iphoneos;
				TARGETED_DEVICE_FAMILY = "1,2";
			};
			name = Debug;
		};
		311C60CE1A00E52300FB5286 /* Release */ = {
			isa = XCBuildConfiguration;
			buildSettings = {
				ALWAYS_SEARCH_USER_PATHS = NO;
				CLANG_CXX_LANGUAGE_STANDARD = "gnu++0x";
				CLANG_CXX_LIBRARY = "libc++";
				CLANG_ENABLE_MODULES = YES;
				CLANG_ENABLE_OBJC_ARC = YES;
				CLANG_WARN_BOOL_CONVERSION = YES;
				CLANG_WARN_CONSTANT_CONVERSION = YES;
				CLANG_WARN_DIRECT_OBJC_ISA_USAGE = YES_ERROR;
				CLANG_WARN_EMPTY_BODY = YES;
				CLANG_WARN_ENUM_CONVERSION = YES;
				CLANG_WARN_INT_CONVERSION = YES;
				CLANG_WARN_OBJC_ROOT_CLASS = YES_ERROR;
				CLANG_WARN_UNREACHABLE_CODE = YES;
				CLANG_WARN__DUPLICATE_METHOD_MATCH = YES;
				"CODE_SIGN_IDENTITY[sdk=iphoneos*]" = "iPhone Developer";
				COPY_PHASE_STRIP = YES;
				ENABLE_NS_ASSERTIONS = NO;
				ENABLE_STRICT_OBJC_MSGSEND = YES;
				GCC_C_LANGUAGE_STANDARD = gnu99;
				GCC_WARN_64_TO_32_BIT_CONVERSION = YES;
				GCC_WARN_ABOUT_RETURN_TYPE = YES_ERROR;
				GCC_WARN_UNDECLARED_SELECTOR = YES;
				GCC_WARN_UNINITIALIZED_AUTOS = YES_AGGRESSIVE;
				GCC_WARN_UNUSED_FUNCTION = YES;
				GCC_WARN_UNUSED_VARIABLE = YES;
				IPHONEOS_DEPLOYMENT_TARGET = 8.1;
				MTL_ENABLE_DEBUG_INFO = NO;
				SDKROOT = iphoneos;
				TARGETED_DEVICE_FAMILY = "1,2";
				VALIDATE_PRODUCT = YES;
			};
			name = Release;
		};
		311C60D01A00E52300FB5286 /* Debug */ = {
			isa = XCBuildConfiguration;
			buildSettings = {
				ASSETCATALOG_COMPILER_APPICON_NAME = AppIcon;
				FRAMEWORK_SEARCH_PATHS = (
					"$(inherited)",
					"$(PROJECT_DIR)",
				);
				INFOPLIST_FILE = AppVadorSample/Info.plist;
				LD_RUNPATH_SEARCH_PATHS = "$(inherited) @executable_path/Frameworks";
				PRODUCT_NAME = "$(TARGET_NAME)";
			};
			name = Debug;
		};
		311C60D11A00E52300FB5286 /* Release */ = {
			isa = XCBuildConfiguration;
			buildSettings = {
				ASSETCATALOG_COMPILER_APPICON_NAME = AppIcon;
				FRAMEWORK_SEARCH_PATHS = (
					"$(inherited)",
					"$(PROJECT_DIR)",
				);
				INFOPLIST_FILE = AppVadorSample/Info.plist;
				LD_RUNPATH_SEARCH_PATHS = "$(inherited) @executable_path/Frameworks";
				PRODUCT_NAME = "$(TARGET_NAME)";
			};
			name = Release;
		};
		311C60D31A00E52300FB5286 /* Debug */ = {
			isa = XCBuildConfiguration;
			buildSettings = {
				BUNDLE_LOADER = "$(TEST_HOST)";
				FRAMEWORK_SEARCH_PATHS = (
					"$(SDKROOT)/Developer/Library/Frameworks",
					"$(inherited)",
				);
				GCC_PREPROCESSOR_DEFINITIONS = (
					"DEBUG=1",
					"$(inherited)",
				);
				INFOPLIST_FILE = AppVadorSampleTests/Info.plist;
				LD_RUNPATH_SEARCH_PATHS = "$(inherited) @executable_path/Frameworks @loader_path/Frameworks";
				PRODUCT_NAME = "$(TARGET_NAME)";
				TEST_HOST = "$(BUILT_PRODUCTS_DIR)/AppVadorSample.app/AppVadorSample";
			};
			name = Debug;
		};
		311C60D41A00E52300FB5286 /* Release */ = {
			isa = XCBuildConfiguration;
			buildSettings = {
				BUNDLE_LOADER = "$(TEST_HOST)";
				FRAMEWORK_SEARCH_PATHS = (
					"$(SDKROOT)/Developer/Library/Frameworks",
					"$(inherited)",
				);
				INFOPLIST_FILE = AppVadorSampleTests/Info.plist;
				LD_RUNPATH_SEARCH_PATHS = "$(inherited) @executable_path/Frameworks @loader_path/Frameworks";
				PRODUCT_NAME = "$(TARGET_NAME)";
				TEST_HOST = "$(BUILT_PRODUCTS_DIR)/AppVadorSample.app/AppVadorSample";
			};
			name = Release;
		};
/* End XCBuildConfiguration section */

/* Begin XCConfigurationList section */
		311C60A41A00E52300FB5286 /* Build configuration list for PBXProject "AppVadorSample" */ = {
			isa = XCConfigurationList;
			buildConfigurations = (
				311C60CD1A00E52300FB5286 /* Debug */,
				311C60CE1A00E52300FB5286 /* Release */,
			);
			defaultConfigurationIsVisible = 0;
			defaultConfigurationName = Release;
		};
		311C60CF1A00E52300FB5286 /* Build configuration list for PBXNativeTarget "AppVadorSample" */ = {
			isa = XCConfigurationList;
			buildConfigurations = (
				311C60D01A00E52300FB5286 /* Debug */,
				311C60D11A00E52300FB5286 /* Release */,
			);
			defaultConfigurationIsVisible = 0;
			defaultConfigurationName = Release;
		};
		311C60D21A00E52300FB5286 /* Build configuration list for PBXNativeTarget "AppVadorSampleTests" */ = {
			isa = XCConfigurationList;
			buildConfigurations = (
				311C60D31A00E52300FB5286 /* Debug */,
				311C60D41A00E52300FB5286 /* Release */,
			);
			defaultConfigurationIsVisible = 0;
			defaultConfigurationName = Release;
		};
/* End XCConfigurationList section */

/* Begin XCVersionGroup section */
		311C60B31A00E52300FB5286 /* AppVadorSample.xcdatamodeld */ = {
			isa = XCVersionGroup;
			children = (
				311C60B41A00E52300FB5286 /* AppVadorSample.xcdatamodel */,
			);
			currentVersion = 311C60B41A00E52300FB5286 /* AppVadorSample.xcdatamodel */;
			path = AppVadorSample.xcdatamodeld;
			sourceTree = "<group>";
			versionGroupType = wrapper.xcdatamodel;
		};
/* End XCVersionGroup section */
	};
	rootObject = 311C60A11A00E52300FB5286 /* Project object */;
}
